{
  "requires": true,
  "lockfileVersion": 1,
  "dependencies": {
    "@types/node": {
      "version": "10.12.23",
      "resolved": "https://registry.npmjs.org/@types/node/-/node-10.12.23.tgz",
      "integrity": "sha512-EKhb5NveQ3NlW5EV7B0VRtDKwUfVey8LuJRl9pp5iW0se87/ZqLjG0PMf2MCzPXAJYWZN5Ltg7pHIAf9/Dm1tQ=="
    },
    "mtgtypes": {
      "version": "1.0.2",
      "resolved": "https://registry.npmjs.org/mtgtypes/-/mtgtypes-1.0.2.tgz",
      "integrity": "sha512-KmQCcOBm5sysrIwhrOZWa/SUIUsBnb5YT1jzhEoc7SUONJwlFhJ2i9b++b+cMtYboi32qrVFpwjxNfxX87eJvQ=="
    }
  }
}
